
Microsoft Visual Studio Solution File, Format Version 12.00
# Visual Studio Version 16
VisualStudioVersion = 16.0.31112.23
MinimumVisualStudioVersion = 10.0.40219.1
Project("{FAE04EC0-301F-11D3-BF4B-00C04F79EFBC}") = "Blazor.Domain", "Blazor.Domain\Blazor.Domain.csproj", "{10B186EC-6575-482C-AA6B-0C9FE5E8410E}"
EndProject
Project("{2150E333-8FDC-42A3-9474-1A3956D46DE8}") = "Domain", "Domain", "{8CF81286-CDDF-46ED-BEF1-C3FE3B621BC3}"
EndProject
Project("{FAE04EC0-301F-11D3-BF4B-00C04F79EFBC}") = "Blazor.Domain.Entities", "Blazor.Domain.Entities\Blazor.Domain.Entities.csproj", "{0D49371E-1153-4EAF-B224-0B6D509947FE}"
EndProject
Project("{FAE04EC0-301F-11D3-BF4B-00C04F79EFBC}") = "Blazor.Domain.Core", "Blazor.Domain.Core\Blazor.Domain.Core.csproj", "{B0ECF2B1-B8A4-4CFD-8913-9B5B115B00FE}"
EndProject
Project("{2150E333-8FDC-42A3-9474-1A3956D46DE8}") = "Application", "Application", "{F9CDFA9F-FCED-4AC2-9308-F14B188CC8B1}"
EndProject
Project("{2150E333-8FDC-42A3-9474-1A3956D46DE8}") = "Infrastructure", "Infrastructure", "{420C2D2C-2950-4FFC-BD21-4149D5C3E8E2}"
EndProject
Project("{FAE04EC0-301F-11D3-BF4B-00C04F79EFBC}") = "Blazor.Infrastructure.Data", "Blazor.Infrastructure.Data\Blazor.Infrastructure.Data.csproj", "{4D1B8591-65F1-4C1A-933B-4375D1298483}"
EndProject
Project("{FAE04EC0-301F-11D3-BF4B-00C04F79EFBC}") = "WebSite", "WebSite\WebSite.csproj", "{2C7EEBB6-C470-48DC-94BB-2C853D9F544A}"
EndProject
Global
	GlobalSection(SolutionConfigurationPlatforms) = preSolution
		Debug|Any CPU = Debug|Any CPU
		Release|Any CPU = Release|Any CPU
	EndGlobalSection
	GlobalSection(ProjectConfigurationPlatforms) = postSolution
		{10B186EC-6575-482C-AA6B-0C9FE5E8410E}.Debug|Any CPU.ActiveCfg = Debug|Any CPU
		{10B186EC-6575-482C-AA6B-0C9FE5E8410E}.Debug|Any CPU.Build.0 = Debug|Any CPU
		{10B186EC-6575-482C-AA6B-0C9FE5E8410E}.Release|Any CPU.ActiveCfg = Release|Any CPU
		{10B186EC-6575-482C-AA6B-0C9FE5E8410E}.Release|Any CPU.Build.0 = Release|Any CPU
		{0D49371E-1153-4EAF-B224-0B6D509947FE}.Debug|Any CPU.ActiveCfg = Debug|Any CPU
		{0D49371E-1153-4EAF-B224-0B6D509947FE}.Debug|Any CPU.Build.0 = Debug|Any CPU
		{0D49371E-1153-4EAF-B224-0B6D509947FE}.Release|Any CPU.ActiveCfg = Release|Any CPU
		{0D49371E-1153-4EAF-B224-0B6D509947FE}.Release|Any CPU.Build.0 = Release|Any CPU
		{B0ECF2B1-B8A4-4CFD-8913-9B5B115B00FE}.Debug|Any CPU.ActiveCfg = Debug|Any CPU
		{B0ECF2B1-B8A4-4CFD-8913-9B5B115B00FE}.Debug|Any CPU.Build.0 = Debug|Any CPU
		{B0ECF2B1-B8A4-4CFD-8913-9B5B115B00FE}.Release|Any CPU.ActiveCfg = Release|Any CPU
		{B0ECF2B1-B8A4-4CFD-8913-9B5B115B00FE}.Release|Any CPU.Build.0 = Release|Any CPU
		{4D1B8591-65F1-4C1A-933B-4375D1298483}.Debug|Any CPU.ActiveCfg = Debug|Any CPU
		{4D1B8591-65F1-4C1A-933B-4375D1298483}.Debug|Any CPU.Build.0 = Debug|Any CPU
		{4D1B8591-65F1-4C1A-933B-4375D1298483}.Release|Any CPU.ActiveCfg = Release|Any CPU
		{4D1B8591-65F1-4C1A-933B-4375D1298483}.Release|Any CPU.Build.0 = Release|Any CPU
		{2C7EEBB6-C470-48DC-94BB-2C853D9F544A}.Debug|Any CPU.ActiveCfg = Debug|Any CPU
		{2C7EEBB6-C470-48DC-94BB-2C853D9F544A}.Debug|Any CPU.Build.0 = Debug|Any CPU
		{2C7EEBB6-C470-48DC-94BB-2C853D9F544A}.Release|Any CPU.ActiveCfg = Release|Any CPU
		{2C7EEBB6-C470-48DC-94BB-2C853D9F544A}.Release|Any CPU.Build.0 = Release|Any CPU
	EndGlobalSection
	GlobalSection(SolutionProperties) = preSolution
		HideSolutionNode = FALSE
	EndGlobalSection
	GlobalSection(NestedProjects) = preSolution
		{10B186EC-6575-482C-AA6B-0C9FE5E8410E} = {8CF81286-CDDF-46ED-BEF1-C3FE3B621BC3}
		{0D49371E-1153-4EAF-B224-0B6D509947FE} = {8CF81286-CDDF-46ED-BEF1-C3FE3B621BC3}
		{B0ECF2B1-B8A4-4CFD-8913-9B5B115B00FE} = {8CF81286-CDDF-46ED-BEF1-C3FE3B621BC3}
		{4D1B8591-65F1-4C1A-933B-4375D1298483} = {420C2D2C-2950-4FFC-BD21-4149D5C3E8E2}
		{2C7EEBB6-C470-48DC-94BB-2C853D9F544A} = {F9CDFA9F-FCED-4AC2-9308-F14B188CC8B1}
	EndGlobalSection
	GlobalSection(ExtensibilityGlobals) = postSolution
		SolutionGuid = {F54E0E70-53C4-4629-BC17-CF03C5EB21B7}
	EndGlobalSection
EndGlobal
